
Microsoft Visual Studio Solution File, Format Version 11.00
# Visual Studio 2010
Project("{E24C65DC-7377-472B-9ABA-BC803B73C61A}") = "GestionEcoleConduite", "..\..\WebSites\GestionEcoleConduite", "{6CCA51AD-46E2-480E-AD56-75CC8C929AA4}"
	ProjectSection(WebsiteProperties) = preProject
		TargetFrameworkMoniker = ".NETFramework,Version%3Dv4.0"
		Debug.AspNetCompiler.VirtualPath = "/GestionEcoleConduite"
		Debug.AspNetCompiler.PhysicalPath = "..\..\WebSites\GestionEcoleConduite\"
		Debug.AspNetCompiler.TargetPath = "PrecompiledWeb\GestionEcoleConduite\"
		Debug.AspNetCompiler.Updateable = "true"
		Debug.AspNetCompiler.ForceOverwrite = "true"
		Debug.AspNetCompiler.FixedNames = "false"
		Debug.AspNetCompiler.Debug = "True"
		Release.AspNetCompiler.VirtualPath = "/GestionEcoleConduite"
		Release.AspNetCompiler.PhysicalPath = "..\..\WebSites\GestionEcoleConduite\"
		Release.AspNetCompiler.TargetPath = "PrecompiledWeb\GestionEcoleConduite\"
		Release.AspNetCompiler.Updateable = "true"
		Release.AspNetCompiler.ForceOverwrite = "true"
		Release.AspNetCompiler.FixedNames = "false"
		Release.AspNetCompiler.Debug = "False"
		VWDPort = "3029"
		DefaultWebSiteLanguage = "Visual C#"
	EndProjectSection
EndProject
Project("{FAE04EC0-301F-11D3-BF4B-00C04F79EFBC}") = "BLL", "BLL\BLL.csproj", "{6AA05662-EF1B-432F-89B3-903059F5FB75}"
EndProject
Project("{FAE04EC0-301F-11D3-BF4B-00C04F79EFBC}") = "POCOS", "POCOS\POCOS.csproj", "{F1C59846-2EA0-4CF5-8D83-4B6962756594}"
EndProject
Project("{E24C65DC-7377-472B-9ABA-BC803B73C61A}") = "GUI", "..\..\WebSites\GUI", "{38B10C5F-1502-4C14-AFEE-664EA3AB732B}"
	ProjectSection(WebsiteProperties) = preProject
		TargetFrameworkMoniker = ".NETFramework,Version%3Dv4.0"
		Debug.AspNetCompiler.VirtualPath = "/GUI"
		Debug.AspNetCompiler.PhysicalPath = "..\..\WebSites\GUI\"
		Debug.AspNetCompiler.TargetPath = "PrecompiledWeb\GUI\"
		Debug.AspNetCompiler.Updateable = "true"
		Debug.AspNetCompiler.ForceOverwrite = "true"
		Debug.AspNetCompiler.FixedNames = "false"
		Debug.AspNetCompiler.Debug = "True"
		Release.AspNetCompiler.VirtualPath = "/GUI"
		Release.AspNetCompiler.PhysicalPath = "..\..\WebSites\GUI\"
		Release.AspNetCompiler.TargetPath = "PrecompiledWeb\GUI\"
		Release.AspNetCompiler.Updateable = "true"
		Release.AspNetCompiler.ForceOverwrite = "true"
		Release.AspNetCompiler.FixedNames = "false"
		Release.AspNetCompiler.Debug = "False"
		VWDPort = "3243"
		DefaultWebSiteLanguage = "Visual C#"
	EndProjectSection
EndProject
Project("{FAE04EC0-301F-11D3-BF4B-00C04F79EFBC}") = "DAL", "DAL\DAL.csproj", "{040FDF20-ECC7-44C2-BF36-2BEABE16628B}"
EndProject
Global
	GlobalSection(SolutionConfigurationPlatforms) = preSolution
		Debug|Any CPU = Debug|Any CPU
		Release|Any CPU = Release|Any CPU
	EndGlobalSection
	GlobalSection(ProjectConfigurationPlatforms) = postSolution
		{6CCA51AD-46E2-480E-AD56-75CC8C929AA4}.Debug|Any CPU.ActiveCfg = Debug|Any CPU
		{6CCA51AD-46E2-480E-AD56-75CC8C929AA4}.Debug|Any CPU.Build.0 = Debug|Any CPU
		{6CCA51AD-46E2-480E-AD56-75CC8C929AA4}.Release|Any CPU.ActiveCfg = Debug|Any CPU
		{6CCA51AD-46E2-480E-AD56-75CC8C929AA4}.Release|Any CPU.Build.0 = Debug|Any CPU
		{6AA05662-EF1B-432F-89B3-903059F5FB75}.Debug|Any CPU.ActiveCfg = Debug|Any CPU
		{6AA05662-EF1B-432F-89B3-903059F5FB75}.Debug|Any CPU.Build.0 = Debug|Any CPU
		{6AA05662-EF1B-432F-89B3-903059F5FB75}.Release|Any CPU.ActiveCfg = Release|Any CPU
		{6AA05662-EF1B-432F-89B3-903059F5FB75}.Release|Any CPU.Build.0 = Release|Any CPU
		{F1C59846-2EA0-4CF5-8D83-4B6962756594}.Debug|Any CPU.ActiveCfg = Debug|Any CPU
		{F1C59846-2EA0-4CF5-8D83-4B6962756594}.Debug|Any CPU.Build.0 = Debug|Any CPU
		{F1C59846-2EA0-4CF5-8D83-4B6962756594}.Release|Any CPU.ActiveCfg = Release|Any CPU
		{F1C59846-2EA0-4CF5-8D83-4B6962756594}.Release|Any CPU.Build.0 = Release|Any CPU
		{38B10C5F-1502-4C14-AFEE-664EA3AB732B}.Debug|Any CPU.ActiveCfg = Debug|Any CPU
		{38B10C5F-1502-4C14-AFEE-664EA3AB732B}.Debug|Any CPU.Build.0 = Debug|Any CPU
		{38B10C5F-1502-4C14-AFEE-664EA3AB732B}.Release|Any CPU.ActiveCfg = Debug|Any CPU
		{38B10C5F-1502-4C14-AFEE-664EA3AB732B}.Release|Any CPU.Build.0 = Debug|Any CPU
		{040FDF20-ECC7-44C2-BF36-2BEABE16628B}.Debug|Any CPU.ActiveCfg = Debug|Any CPU
		{040FDF20-ECC7-44C2-BF36-2BEABE16628B}.Debug|Any CPU.Build.0 = Debug|Any CPU
		{040FDF20-ECC7-44C2-BF36-2BEABE16628B}.Release|Any CPU.ActiveCfg = Release|Any CPU
		{040FDF20-ECC7-44C2-BF36-2BEABE16628B}.Release|Any CPU.Build.0 = Release|Any CPU
	EndGlobalSection
	GlobalSection(SolutionProperties) = preSolution
		HideSolutionNode = FALSE
	EndGlobalSection
EndGlobal
